
Microsoft Visual Studio Solution File, Format Version 12.00
# Visual Studio 15
VisualStudioVersion = 15.0.28307.572
MinimumVisualStudioVersion = 10.0.40219.1
Project("{FAE04EC0-301F-11D3-BF4B-00C04F79EFBC}") = "SoftHard.Papirus.Models", "SoftHard.Papirus.Models\SoftHard.Papirus.Models.csproj", "{64EE4133-2695-4C8D-940C-03D4539DD210}"
EndProject
Global
	GlobalSection(SolutionConfigurationPlatforms) = preSolution
		Debug|Any CPU = Debug|Any CPU
		Release|Any CPU = Release|Any CPU
	EndGlobalSection
	GlobalSection(ProjectConfigurationPlatforms) = postSolution
		{64EE4133-2695-4C8D-940C-03D4539DD210}.Debug|Any CPU.ActiveCfg = Debug|Any CPU
		{64EE4133-2695-4C8D-940C-03D4539DD210}.Debug|Any CPU.Build.0 = Debug|Any CPU
		{64EE4133-2695-4C8D-940C-03D4539DD210}.Release|Any CPU.ActiveCfg = Release|Any CPU
		{64EE4133-2695-4C8D-940C-03D4539DD210}.Release|Any CPU.Build.0 = Release|Any CPU
	EndGlobalSection
	GlobalSection(SolutionProperties) = preSolution
		HideSolutionNode = FALSE
	EndGlobalSection
	GlobalSection(ExtensibilityGlobals) = postSolution
		SolutionGuid = {F8C1DA2F-A1F8-4FE4-B62C-B8B1638CE3E6}
	EndGlobalSection
EndGlobal
